// !$*UTF8*$!
{
	archiveVersion = 1;
	classes = {
	};
	objectVersion = 46;
	objects = {

/* Begin PBXBuildFile section */
		217C90EE1C1C477B00F65E70 /* AppDelegate.swift in Sources */ = {isa = PBXBuildFile; fileRef = 217C90ED1C1C477B00F65E70 /* AppDelegate.swift */; };
		217C90F51C1C477B00F65E70 /* Assets.xcassets in Resources */ = {isa = PBXBuildFile; fileRef = 217C90F41C1C477B00F65E70 /* Assets.xcassets */; };
		217C91031C1C477B00F65E70 /* weiboCopyTests.swift in Sources */ = {isa = PBXBuildFile; fileRef = 217C91021C1C477B00F65E70 /* weiboCopyTests.swift */; };
		217C910E1C1C477B00F65E70 /* weiboCopyUITests.swift in Sources */ = {isa = PBXBuildFile; fileRef = 217C910D1C1C477B00F65E70 /* weiboCopyUITests.swift */; };
		21F26CD61C1C71C2000C22E2 /* CHSTabBarController.swift in Sources */ = {isa = PBXBuildFile; fileRef = 21F26CD51C1C71C2000C22E2 /* CHSTabBarController.swift */; };
		21F26CD81C1C71D3000C22E2 /* CHSNavController.swift in Sources */ = {isa = PBXBuildFile; fileRef = 21F26CD71C1C71D3000C22E2 /* CHSNavController.swift */; };
		21F26CDA1C1C727A000C22E2 /* CHSHomeController.swift in Sources */ = {isa = PBXBuildFile; fileRef = 21F26CD91C1C727A000C22E2 /* CHSHomeController.swift */; };
		21F26CDC1C1C7289000C22E2 /* CHSDiscoveryController.swift in Sources */ = {isa = PBXBuildFile; fileRef = 21F26CDB1C1C7289000C22E2 /* CHSDiscoveryController.swift */; };
		21F26CDE1C1C7294000C22E2 /* CHSTMessageController.swift in Sources */ = {isa = PBXBuildFile; fileRef = 21F26CDD1C1C7294000C22E2 /* CHSTMessageController.swift */; };
		21F26CE01C1C72A1000C22E2 /* CHSTProfileController.swift in Sources */ = {isa = PBXBuildFile; fileRef = 21F26CDF1C1C72A1000C22E2 /* CHSTProfileController.swift */; };
		21F26CE21C1C79B1000C22E2 /* CHSTabBar.swift in Sources */ = {isa = PBXBuildFile; fileRef = 21F26CE11C1C79B1000C22E2 /* CHSTabBar.swift */; };
		21F26CE41C1C7CC5000C22E2 /* common.swift in Sources */ = {isa = PBXBuildFile; fileRef = 21F26CE31C1C7CC5000C22E2 /* common.swift */; };
		21F4121F1C1D89A200E99945 /* CHSBaseViewController.swift in Sources */ = {isa = PBXBuildFile; fileRef = 21F4121E1C1D89A200E99945 /* CHSBaseViewController.swift */; };
		21F412251C1D933B00E99945 /* CHSGuestLogInView.swift in Sources */ = {isa = PBXBuildFile; fileRef = 21F412241C1D933B00E99945 /* CHSGuestLogInView.swift */; };
/* End PBXBuildFile section */

/* Begin PBXContainerItemProxy section */
		217C90FF1C1C477B00F65E70 /* PBXContainerItemProxy */ = {
			isa = PBXContainerItemProxy;
			containerPortal = 217C90E21C1C477B00F65E70 /* Project object */;
			proxyType = 1;
			remoteGlobalIDString = 217C90E91C1C477B00F65E70;
			remoteInfo = weiboCopy;
		};
		217C910A1C1C477B00F65E70 /* PBXContainerItemProxy */ = {
			isa = PBXContainerItemProxy;
			containerPortal = 217C90E21C1C477B00F65E70 /* Project object */;
			proxyType = 1;
			remoteGlobalIDString = 217C90E91C1C477B00F65E70;
			remoteInfo = weiboCopy;
		};
/* End PBXContainerItemProxy section */

/* Begin PBXFileReference section */
		217C90EA1C1C477B00F65E70 /* weiboCopy.app */ = {isa = PBXFileReference; explicitFileType = wrapper.application; includeInIndex = 0; path = weiboCopy.app; sourceTree = BUILT_PRODUCTS_DIR; };
		217C90ED1C1C477B00F65E70 /* AppDelegate.swift */ = {isa = PBXFileReference; lastKnownFileType = sourcecode.swift; path = AppDelegate.swift; sourceTree = "<group>"; };
		217C90F41C1C477B00F65E70 /* Assets.xcassets */ = {isa = PBXFileReference; lastKnownFileType = folder.assetcatalog; path = Assets.xcassets; sourceTree = "<group>"; };
		217C90F91C1C477B00F65E70 /* Info.plist */ = {isa = PBXFileReference; lastKnownFileType = text.plist.xml; path = Info.plist; sourceTree = "<group>"; };
		217C90FE1C1C477B00F65E70 /* weiboCopyTests.xctest */ = {isa = PBXFileReference; explicitFileType = wrapper.cfbundle; includeInIndex = 0; path = weiboCopyTests.xctest; sourceTree = BUILT_PRODUCTS_DIR; };
		217C91021C1C477B00F65E70 /* weiboCopyTests.swift */ = {isa = PBXFileReference; lastKnownFileType = sourcecode.swift; path = weiboCopyTests.swift; sourceTree = "<group>"; };
		217C91041C1C477B00F65E70 /* Info.plist */ = {isa = PBXFileReference; lastKnownFileType = text.plist.xml; path = Info.plist; sourceTree = "<group>"; };
		217C91091C1C477B00F65E70 /* weiboCopyUITests.xctest */ = {isa = PBXFileReference; explicitFileType = wrapper.cfbundle; includeInIndex = 0; path = weiboCopyUITests.xctest; sourceTree = BUILT_PRODUCTS_DIR; };
		217C910D1C1C477B00F65E70 /* weiboCopyUITests.swift */ = {isa = PBXFileReference; lastKnownFileType = sourcecode.swift; path = weiboCopyUITests.swift; sourceTree = "<group>"; };
		217C910F1C1C477B00F65E70 /* Info.plist */ = {isa = PBXFileReference; lastKnownFileType = text.plist.xml; path = Info.plist; sourceTree = "<group>"; };
		21F26CD51C1C71C2000C22E2 /* CHSTabBarController.swift */ = {isa = PBXFileReference; fileEncoding = 4; lastKnownFileType = sourcecode.swift; path = CHSTabBarController.swift; sourceTree = "<group>"; };
		21F26CD71C1C71D3000C22E2 /* CHSNavController.swift */ = {isa = PBXFileReference; fileEncoding = 4; lastKnownFileType = sourcecode.swift; path = CHSNavController.swift; sourceTree = "<group>"; };
		21F26CD91C1C727A000C22E2 /* CHSHomeController.swift */ = {isa = PBXFileReference; fileEncoding = 4; lastKnownFileType = sourcecode.swift; path = CHSHomeController.swift; sourceTree = "<group>"; };
		21F26CDB1C1C7289000C22E2 /* CHSDiscoveryController.swift */ = {isa = PBXFileReference; fileEncoding = 4; lastKnownFileType = sourcecode.swift; path = CHSDiscoveryController.swift; sourceTree = "<group>"; };
		21F26CDD1C1C7294000C22E2 /* CHSTMessageController.swift */ = {isa = PBXFileReference; fileEncoding = 4; lastKnownFileType = sourcecode.swift; path = CHSTMessageController.swift; sourceTree = "<group>"; };
		21F26CDF1C1C72A1000C22E2 /* CHSTProfileController.swift */ = {isa = PBXFileReference; fileEncoding = 4; lastKnownFileType = sourcecode.swift; path = CHSTProfileController.swift; sourceTree = "<group>"; };
		21F26CE11C1C79B1000C22E2 /* CHSTabBar.swift */ = {isa = PBXFileReference; fileEncoding = 4; lastKnownFileType = sourcecode.swift; path = CHSTabBar.swift; sourceTree = "<group>"; };
		21F26CE31C1C7CC5000C22E2 /* common.swift */ = {isa = PBXFileReference; fileEncoding = 4; lastKnownFileType = sourcecode.swift; path = common.swift; sourceTree = "<group>"; };
		21F4121E1C1D89A200E99945 /* CHSBaseViewController.swift */ = {isa = PBXFileReference; fileEncoding = 4; lastKnownFileType = sourcecode.swift; path = CHSBaseViewController.swift; sourceTree = "<group>"; };
		21F412241C1D933B00E99945 /* CHSGuestLogInView.swift */ = {isa = PBXFileReference; fileEncoding = 4; lastKnownFileType = sourcecode.swift; path = CHSGuestLogInView.swift; sourceTree = "<group>"; };
/* End PBXFileReference section */

/* Begin PBXFrameworksBuildPhase section */
		217C90E71C1C477B00F65E70 /* Frameworks */ = {
			isa = PBXFrameworksBuildPhase;
			buildActionMask = 2147483647;
			files = (
			);
			runOnlyForDeploymentPostprocessing = 0;
		};
		217C90FB1C1C477B00F65E70 /* Frameworks */ = {
			isa = PBXFrameworksBuildPhase;
			buildActionMask = 2147483647;
			files = (
			);
			runOnlyForDeploymentPostprocessing = 0;
		};
		217C91061C1C477B00F65E70 /* Frameworks */ = {
			isa = PBXFrameworksBuildPhase;
			buildActionMask = 2147483647;
			files = (
			);
			runOnlyForDeploymentPostprocessing = 0;
		};
/* End PBXFrameworksBuildPhase section */

/* Begin PBXGroup section */
		217C90E11C1C477B00F65E70 = {
			isa = PBXGroup;
			children = (
				217C90EC1C1C477B00F65E70 /* weiboCopy */,
				217C91011C1C477B00F65E70 /* weiboCopyTests */,
				217C910C1C1C477B00F65E70 /* weiboCopyUITests */,
				217C90EB1C1C477B00F65E70 /* Products */,
			);
			sourceTree = "<group>";
		};
		217C90EB1C1C477B00F65E70 /* Products */ = {
			isa = PBXGroup;
			children = (
				217C90EA1C1C477B00F65E70 /* weiboCopy.app */,
				217C90FE1C1C477B00F65E70 /* weiboCopyTests.xctest */,
				217C91091C1C477B00F65E70 /* weiboCopyUITests.xctest */,
			);
			name = Products;
			sourceTree = "<group>";
		};
		217C90EC1C1C477B00F65E70 /* weiboCopy */ = {
			isa = PBXGroup;
			children = (
				21F7C2521C1C67E1006A11CB /* Classes */,
				217C90ED1C1C477B00F65E70 /* AppDelegate.swift */,
				217C90F41C1C477B00F65E70 /* Assets.xcassets */,
				217C90F91C1C477B00F65E70 /* Info.plist */,
			);
			path = weiboCopy;
			sourceTree = "<group>";
		};
		217C91011C1C477B00F65E70 /* weiboCopyTests */ = {
			isa = PBXGroup;
			children = (
				217C91021C1C477B00F65E70 /* weiboCopyTests.swift */,
				217C91041C1C477B00F65E70 /* Info.plist */,
			);
			path = weiboCopyTests;
			sourceTree = "<group>";
		};
		217C910C1C1C477B00F65E70 /* weiboCopyUITests */ = {
			isa = PBXGroup;
			children = (
				217C910D1C1C477B00F65E70 /* weiboCopyUITests.swift */,
				217C910F1C1C477B00F65E70 /* Info.plist */,
			);
			path = weiboCopyUITests;
			sourceTree = "<group>";
		};
		21F412211C1D8C5600E99945 /* GuestLogInView */ = {
			isa = PBXGroup;
			children = (
				21F412241C1D933B00E99945 /* CHSGuestLogInView.swift */,
			);
			path = GuestLogInView;
			sourceTree = "<group>";
		};
		21F7C2521C1C67E1006A11CB /* Classes */ = {
			isa = PBXGroup;
			children = (
				21F7C2531C1C67E1006A11CB /* Model */,
				21F7C2541C1C67E1006A11CB /* Module */,
				21F7C25A1C1C67E1006A11CB /* Tools */,
				21F7C25B1C1C67E1006A11CB /* ViewModel */,
			);
			path = Classes;
			sourceTree = "<group>";
		};
		21F7C2531C1C67E1006A11CB /* Model */ = {
			isa = PBXGroup;
			children = (
			);
			path = Model;
			sourceTree = "<group>";
		};
		21F7C2541C1C67E1006A11CB /* Module */ = {
			isa = PBXGroup;
			children = (
				21F7C2571C1C67E1006A11CB /* Main */,
				21F7C2561C1C67E1006A11CB /* Home */,
				21F7C2551C1C67E1006A11CB /* Discovery */,
				21F7C2581C1C67E1006A11CB /* Message */,
				21F7C2591C1C67E1006A11CB /* Profile */,
			);
			path = Module;
			sourceTree = "<group>";
		};
		21F7C2551C1C67E1006A11CB /* Discovery */ = {
			isa = PBXGroup;
			children = (
				21F26CDB1C1C7289000C22E2 /* CHSDiscoveryController.swift */,
			);
			path = Discovery;
			sourceTree = "<group>";
		};
		21F7C2561C1C67E1006A11CB /* Home */ = {
			isa = PBXGroup;
			children = (
				21F26CD91C1C727A000C22E2 /* CHSHomeController.swift */,
			);
			path = Home;
			sourceTree = "<group>";
		};
		21F7C2571C1C67E1006A11CB /* Main */ = {
			isa = PBXGroup;
			children = (
				21F412211C1D8C5600E99945 /* GuestLogInView */,
				21F26CD51C1C71C2000C22E2 /* CHSTabBarController.swift */,
				21F26CD71C1C71D3000C22E2 /* CHSNavController.swift */,
				21F26CE11C1C79B1000C22E2 /* CHSTabBar.swift */,
				21F4121E1C1D89A200E99945 /* CHSBaseViewController.swift */,
			);
			path = Main;
			sourceTree = "<group>";
		};
		21F7C2581C1C67E1006A11CB /* Message */ = {
			isa = PBXGroup;
			children = (
				21F26CDD1C1C7294000C22E2 /* CHSTMessageController.swift */,
			);
			path = Message;
			sourceTree = "<group>";
		};
		21F7C2591C1C67E1006A11CB /* Profile */ = {
			isa = PBXGroup;
			children = (
				21F26CDF1C1C72A1000C22E2 /* CHSTProfileController.swift */,
			);
			path = Profile;
			sourceTree = "<group>";
		};
		21F7C25A1C1C67E1006A11CB /* Tools */ = {
			isa = PBXGroup;
			children = (
				21F26CE31C1C7CC5000C22E2 /* common.swift */,
			);
			path = Tools;
			sourceTree = "<group>";
		};
		21F7C25B1C1C67E1006A11CB /* ViewModel */ = {
			isa = PBXGroup;
			children = (
			);
			path = ViewModel;
			sourceTree = "<group>";
		};
/* End PBXGroup section */

/* Begin PBXNativeTarget section */
		217C90E91C1C477B00F65E70 /* weiboCopy */ = {
			isa = PBXNativeTarget;
			buildConfigurationList = 217C91121C1C477B00F65E70 /* Build configuration list for PBXNativeTarget "weiboCopy" */;
			buildPhases = (
				217C90E61C1C477B00F65E70 /* Sources */,
				217C90E71C1C477B00F65E70 /* Frameworks */,
				217C90E81C1C477B00F65E70 /* Resources */,
			);
			buildRules = (
			);
			dependencies = (
			);
			name = weiboCopy;
			productName = weiboCopy;
			productReference = 217C90EA1C1C477B00F65E70 /* weiboCopy.app */;
			productType = "com.apple.product-type.application";
		};
		217C90FD1C1C477B00F65E70 /* weiboCopyTests */ = {
			isa = PBXNativeTarget;
			buildConfigurationList = 217C91151C1C477B00F65E70 /* Build configuration list for PBXNativeTarget "weiboCopyTests" */;
			buildPhases = (
				217C90FA1C1C477B00F65E70 /* Sources */,
				217C90FB1C1C477B00F65E70 /* Frameworks */,
				217C90FC1C1C477B00F65E70 /* Resources */,
			);
			buildRules = (
			);
			dependencies = (
				217C91001C1C477B00F65E70 /* PBXTargetDependency */,
			);
			name = weiboCopyTests;
			productName = weiboCopyTests;
			productReference = 217C90FE1C1C477B00F65E70 /* weiboCopyTests.xctest */;
			productType = "com.apple.product-type.bundle.unit-test";
		};
		217C91081C1C477B00F65E70 /* weiboCopyUITests */ = {
			isa = PBXNativeTarget;
			buildConfigurationList = 217C91181C1C477B00F65E70 /* Build configuration list for PBXNativeTarget "weiboCopyUITests" */;
			buildPhases = (
				217C91051C1C477B00F65E70 /* Sources */,
				217C91061C1C477B00F65E70 /* Frameworks */,
				217C91071C1C477B00F65E70 /* Resources */,
			);
			buildRules = (
			);
			dependencies = (
				217C910B1C1C477B00F65E70 /* PBXTargetDependency */,
			);
			name = weiboCopyUITests;
			productName = weiboCopyUITests;
			productReference = 217C91091C1C477B00F65E70 /* weiboCopyUITests.xctest */;
			productType = "com.apple.product-type.bundle.ui-testing";
		};
/* End PBXNativeTarget section */

/* Begin PBXProject section */
		217C90E21C1C477B00F65E70 /* Project object */ = {
			isa = PBXProject;
			attributes = {
				CLASSPREFIX = CHS;
				LastSwiftUpdateCheck = 0720;
				LastUpgradeCheck = 0720;
				ORGANIZATIONNAME = "王";
				TargetAttributes = {
					217C90E91C1C477B00F65E70 = {
						CreatedOnToolsVersion = 7.2;
					};
					217C90FD1C1C477B00F65E70 = {
						CreatedOnToolsVersion = 7.2;
						TestTargetID = 217C90E91C1C477B00F65E70;
					};
					217C91081C1C477B00F65E70 = {
						CreatedOnToolsVersion = 7.2;
						TestTargetID = 217C90E91C1C477B00F65E70;
					};
				};
			};
			buildConfigurationList = 217C90E51C1C477B00F65E70 /* Build configuration list for PBXProject "weiboCopy" */;
			compatibilityVersion = "Xcode 3.2";
			developmentRegion = English;
			hasScannedForEncodings = 0;
			knownRegions = (
				en,
				Base,
			);
			mainGroup = 217C90E11C1C477B00F65E70;
			productRefGroup = 217C90EB1C1C477B00F65E70 /* Products */;
			projectDirPath = "";
			projectRoot = "";
			targets = (
				217C90E91C1C477B00F65E70 /* weiboCopy */,
				217C90FD1C1C477B00F65E70 /* weiboCopyTests */,
				217C91081C1C477B00F65E70 /* weiboCopyUITests */,
			);
		};
/* End PBXProject section */

/* Begin PBXResourcesBuildPhase section */
		217C90E81C1C477B00F65E70 /* Resources */ = {
			isa = PBXResourcesBuildPhase;
			buildActionMask = 2147483647;
			files = (
				217C90F51C1C477B00F65E70 /* Assets.xcassets in Resources */,
			);
			runOnlyForDeploymentPostprocessing = 0;
		};
		217C90FC1C1C477B00F65E70 /* Resources */ = {
			isa = PBXResourcesBuildPhase;
			buildActionMask = 2147483647;
			files = (
			);
			runOnlyForDeploymentPostprocessing = 0;
		};
		217C91071C1C477B00F65E70 /* Resources */ = {
			isa = PBXResourcesBuildPhase;
			buildActionMask = 2147483647;
			files = (
			);
			runOnlyForDeploymentPostprocessing = 0;
		};
/* End PBXResourcesBuildPhase section */

/* Begin PBXSourcesBuildPhase section */
		217C90E61C1C477B00F65E70 /* Sources */ = {
			isa = PBXSourcesBuildPhase;
			buildActionMask = 2147483647;
			files = (
				21F412251C1D933B00E99945 /* CHSGuestLogInView.swift in Sources */,
				21F26CD61C1C71C2000C22E2 /* CHSTabBarController.swift in Sources */,
				21F26CDA1C1C727A000C22E2 /* CHSHomeController.swift in Sources */,
				21F26CD81C1C71D3000C22E2 /* CHSNavController.swift in Sources */,
				21F26CDC1C1C7289000C22E2 /* CHSDiscoveryController.swift in Sources */,
				21F4121F1C1D89A200E99945 /* CHSBaseViewController.swift in Sources */,
				21F26CE21C1C79B1000C22E2 /* CHSTabBar.swift in Sources */,
				217C90EE1C1C477B00F65E70 /* AppDelegate.swift in Sources */,
				21F26CE01C1C72A1000C22E2 /* CHSTProfileController.swift in Sources */,
				21F26CDE1C1C7294000C22E2 /* CHSTMessageController.swift in Sources */,
				21F26CE41C1C7CC5000C22E2 /* common.swift in Sources */,
			);
			runOnlyForDeploymentPostprocessing = 0;
		};
		217C90FA1C1C477B00F65E70 /* Sources */ = {
			isa = PBXSourcesBuildPhase;
			buildActionMask = 2147483647;
			files = (
				217C91031C1C477B00F65E70 /* weiboCopyTests.swift in Sources */,
			);
			runOnlyForDeploymentPostprocessing = 0;
		};
		217C91051C1C477B00F65E70 /* Sources */ = {
			isa = PBXSourcesBuildPhase;
			buildActionMask = 2147483647;
			files = (
				217C910E1C1C477B00F65E70 /* weiboCopyUITests.swift in Sources */,
			);
			runOnlyForDeploymentPostprocessing = 0;
		};
/* End PBXSourcesBuildPhase section */

/* Begin PBXTargetDependency section */
		217C91001C1C477B00F65E70 /* PBXTargetDependency */ = {
			isa = PBXTargetDependency;
			target = 217C90E91C1C477B00F65E70 /* weiboCopy */;
			targetProxy = 217C90FF1C1C477B00F65E70 /* PBXContainerItemProxy */;
		};
		217C910B1C1C477B00F65E70 /* PBXTargetDependency */ = {
			isa = PBXTargetDependency;
			target = 217C90E91C1C477B00F65E70 /* weiboCopy */;
			targetProxy = 217C910A1C1C477B00F65E70 /* PBXContainerItemProxy */;
		};
/* End PBXTargetDependency section */

/* Begin XCBuildConfiguration section */
		217C91101C1C477B00F65E70 /* Debug */ = {
			isa = XCBuildConfiguration;
			buildSettings = {
				ALWAYS_SEARCH_USER_PATHS = NO;
				CLANG_CXX_LANGUAGE_STANDARD = "gnu++0x";
				CLANG_CXX_LIBRARY = "libc++";
				CLANG_ENABLE_MODULES = YES;
				CLANG_ENABLE_OBJC_ARC = YES;
				CLANG_WARN_BOOL_CONVERSION = YES;
				CLANG_WARN_CONSTANT_CONVERSION = YES;
				CLANG_WARN_DIRECT_OBJC_ISA_USAGE = YES_ERROR;
				CLANG_WARN_EMPTY_BODY = YES;
				CLANG_WARN_ENUM_CONVERSION = YES;
				CLANG_WARN_INT_CONVERSION = YES;
				CLANG_WARN_OBJC_ROOT_CLASS = YES_ERROR;
				CLANG_WARN_UNREACHABLE_CODE = YES;
				CLANG_WARN__DUPLICATE_METHOD_MATCH = YES;
				"CODE_SIGN_IDENTITY[sdk=iphoneos*]" = "iPhone Developer";
				COPY_PHASE_STRIP = NO;
				DEBUG_INFORMATION_FORMAT = dwarf;
				ENABLE_STRICT_OBJC_MSGSEND = YES;
				ENABLE_TESTABILITY = YES;
				GCC_C_LANGUAGE_STANDARD = gnu99;
				GCC_DYNAMIC_NO_PIC = NO;
				GCC_NO_COMMON_BLOCKS = YES;
				GCC_OPTIMIZATION_LEVEL = 0;
				GCC_PREPROCESSOR_DEFINITIONS = (
					"DEBUG=1",
					"$(inherited)",
				);
				GCC_WARN_64_TO_32_BIT_CONVERSION = YES;
				GCC_WARN_ABOUT_RETURN_TYPE = YES_ERROR;
				GCC_WARN_UNDECLARED_SELECTOR = YES;
				GCC_WARN_UNINITIALIZED_AUTOS = YES_AGGRESSIVE;
				GCC_WARN_UNUSED_FUNCTION = YES;
				GCC_WARN_UNUSED_VARIABLE = YES;
				IPHONEOS_DEPLOYMENT_TARGET = 9.2;
				MTL_ENABLE_DEBUG_INFO = YES;
				ONLY_ACTIVE_ARCH = YES;
				SDKROOT = iphoneos;
				SWIFT_OPTIMIZATION_LEVEL = "-Onone";
				TARGETED_DEVICE_FAMILY = "1,2";
			};
			name = Debug;
		};
		217C91111C1C477B00F65E70 /* Release */ = {
			isa = XCBuildConfiguration;
			buildSettings = {
				ALWAYS_SEARCH_USER_PATHS = NO;
				CLANG_CXX_LANGUAGE_STANDARD = "gnu++0x";
				CLANG_CXX_LIBRARY = "libc++";
				CLANG_ENABLE_MODULES = YES;
				CLANG_ENABLE_OBJC_ARC = YES;
				CLANG_WARN_BOOL_CONVERSION = YES;
				CLANG_WARN_CONSTANT_CONVERSION = YES;
				CLANG_WARN_DIRECT_OBJC_ISA_USAGE = YES_ERROR;
				CLANG_WARN_EMPTY_BODY = YES;
				CLANG_WARN_ENUM_CONVERSION = YES;
				CLANG_WARN_INT_CONVERSION = YES;
				CLANG_WARN_OBJC_ROOT_CLASS = YES_ERROR;
				CLANG_WARN_UNREACHABLE_CODE = YES;
				CLANG_WARN__DUPLICATE_METHOD_MATCH = YES;
				"CODE_SIGN_IDENTITY[sdk=iphoneos*]" = "iPhone Developer";
				COPY_PHASE_STRIP = NO;
				DEBUG_INFORMATION_FORMAT = "dwarf-with-dsym";
				ENABLE_NS_ASSERTIONS = NO;
				ENABLE_STRICT_OBJC_MSGSEND = YES;
				GCC_C_LANGUAGE_STANDARD = gnu99;
				GCC_NO_COMMON_BLOCKS = YES;
				GCC_WARN_64_TO_32_BIT_CONVERSION = YES;
				GCC_WARN_ABOUT_RETURN_TYPE = YES_ERROR;
				GCC_WARN_UNDECLARED_SELECTOR = YES;
				GCC_WARN_UNINITIALIZED_AUTOS = YES_AGGRESSIVE;
				GCC_WARN_UNUSED_FUNCTION = YES;
				GCC_WARN_UNUSED_VARIABLE = YES;
				IPHONEOS_DEPLOYMENT_TARGET = 9.2;
				MTL_ENABLE_DEBUG_INFO = NO;
				SDKROOT = iphoneos;
				TARGETED_DEVICE_FAMILY = "1,2";
				VALIDATE_PRODUCT = YES;
			};
			name = Release;
		};
		217C91131C1C477B00F65E70 /* Debug */ = {
			isa = XCBuildConfiguration;
			buildSettings = {
				ASSETCATALOG_COMPILER_APPICON_NAME = AppIcon;
				ASSETCATALOG_COMPILER_LAUNCHIMAGE_NAME = "Brand Assets";
				INFOPLIST_FILE = weiboCopy/Info.plist;
				IPHONEOS_DEPLOYMENT_TARGET = 8.4;
				LD_RUNPATH_SEARCH_PATHS = "$(inherited) @executable_path/Frameworks";
				PRODUCT_BUNDLE_IDENTIFIER = wang.weiboCopy;
				PRODUCT_NAME = "$(TARGET_NAME)";
				TARGETED_DEVICE_FAMILY = 1;
			};
			name = Debug;
		};
		217C91141C1C477B00F65E70 /* Release */ = {
			isa = XCBuildConfiguration;
			buildSettings = {
				ASSETCATALOG_COMPILER_APPICON_NAME = AppIcon;
				ASSETCATALOG_COMPILER_LAUNCHIMAGE_NAME = "Brand Assets";
				INFOPLIST_FILE = weiboCopy/Info.plist;
				IPHONEOS_DEPLOYMENT_TARGET = 8.4;
				LD_RUNPATH_SEARCH_PATHS = "$(inherited) @executable_path/Frameworks";
				PRODUCT_BUNDLE_IDENTIFIER = wang.weiboCopy;
				PRODUCT_NAME = "$(TARGET_NAME)";
				TARGETED_DEVICE_FAMILY = 1;
			};
			name = Release;
		};
		217C91161C1C477B00F65E70 /* Debug */ = {
			isa = XCBuildConfiguration;
			buildSettings = {
				BUNDLE_LOADER = "$(TEST_HOST)";
				INFOPLIST_FILE = weiboCopyTests/Info.plist;
				LD_RUNPATH_SEARCH_PATHS = "$(inherited) @executable_path/Frameworks @loader_path/Frameworks";
				PRODUCT_BUNDLE_IDENTIFIER = wang.weiboCopyTests;
				PRODUCT_NAME = "$(TARGET_NAME)";
				TEST_HOST = "$(BUILT_PRODUCTS_DIR)/weiboCopy.app/weiboCopy";
			};
			name = Debug;
		};
		217C91171C1C477B00F65E70 /* Release */ = {
			isa = XCBuildConfiguration;
			buildSettings = {
				BUNDLE_LOADER = "$(TEST_HOST)";
				INFOPLIST_FILE = weiboCopyTests/Info.plist;
				LD_RUNPATH_SEARCH_PATHS = "$(inherited) @executable_path/Frameworks @loader_path/Frameworks";
				PRODUCT_BUNDLE_IDENTIFIER = wang.weiboCopyTests;
				PRODUCT_NAME = "$(TARGET_NAME)";
				TEST_HOST = "$(BUILT_PRODUCTS_DIR)/weiboCopy.app/weiboCopy";
			};
			name = Release;
		};
		217C91191C1C477B00F65E70 /* Debug */ = {
			isa = XCBuildConfiguration;
			buildSettings = {
				INFOPLIST_FILE = weiboCopyUITests/Info.plist;
				LD_RUNPATH_SEARCH_PATHS = "$(inherited) @executable_path/Frameworks @loader_path/Frameworks";
				PRODUCT_BUNDLE_IDENTIFIER = wang.weiboCopyUITests;
				PRODUCT_NAME = "$(TARGET_NAME)";
				TEST_TARGET_NAME = weiboCopy;
				USES_XCTRUNNER = YES;
			};
			name = Debug;
		};
		217C911A1C1C477B00F65E70 /* Release */ = {
			isa = XCBuildConfiguration;
			buildSettings = {
				INFOPLIST_FILE = weiboCopyUITests/Info.plist;
				LD_RUNPATH_SEARCH_PATHS = "$(inherited) @executable_path/Frameworks @loader_path/Frameworks";
				PRODUCT_BUNDLE_IDENTIFIER = wang.weiboCopyUITests;
				PRODUCT_NAME = "$(TARGET_NAME)";
				TEST_TARGET_NAME = weiboCopy;
				USES_XCTRUNNER = YES;
			};
			name = Release;
		};
/* End XCBuildConfiguration section */

/* Begin XCConfigurationList section */
		217C90E51C1C477B00F65E70 /* Build configuration list for PBXProject "weiboCopy" */ = {
			isa = XCConfigurationList;
			buildConfigurations = (
				217C91101C1C477B00F65E70 /* Debug */,
				217C91111C1C477B00F65E70 /* Release */,
			);
			defaultConfigurationIsVisible = 0;
			defaultConfigurationName = Release;
		};
		217C91121C1C477B00F65E70 /* Build configuration list for PBXNativeTarget "weiboCopy" */ = {
			isa = XCConfigurationList;
			buildConfigurations = (
				217C91131C1C477B00F65E70 /* Debug */,
				217C91141C1C477B00F65E70 /* Release */,
			);
			defaultConfigurationIsVisible = 0;
			defaultConfigurationName = Release;
		};
		217C91151C1C477B00F65E70 /* Build configuration list for PBXNativeTarget "weiboCopyTests" */ = {
			isa = XCConfigurationList;
			buildConfigurations = (
				217C91161C1C477B00F65E70 /* Debug */,
				217C91171C1C477B00F65E70 /* Release */,
			);
			defaultConfigurationIsVisible = 0;
			defaultConfigurationName = Release;
		};
		217C91181C1C477B00F65E70 /* Build configuration list for PBXNativeTarget "weiboCopyUITests" */ = {
			isa = XCConfigurationList;
			buildConfigurations = (
				217C91191C1C477B00F65E70 /* Debug */,
				217C911A1C1C477B00F65E70 /* Release */,
			);
			defaultConfigurationIsVisible = 0;
			defaultConfigurationName = Release;
		};
/* End XCConfigurationList section */
	};
	rootObject = 217C90E21C1C477B00F65E70 /* Project object */;
}
